// !$*UTF8*$!
{
	archiveVersion = 1;
	classes = {
	};
	objectVersion = 50;
	objects = {

/* Begin PBXBuildFile section */
		599724C023E25584007D34DC /* AppDelegate.swift in Sources */ = {isa = PBXBuildFile; fileRef = 599724BF23E25584007D34DC /* AppDelegate.swift */; };
		599724C223E25584007D34DC /* SceneDelegate.swift in Sources */ = {isa = PBXBuildFile; fileRef = 599724C123E25584007D34DC /* SceneDelegate.swift */; };
		599724C423E25584007D34DC /* ContentView.swift in Sources */ = {isa = PBXBuildFile; fileRef = 599724C323E25584007D34DC /* ContentView.swift */; };
		599724C623E25586007D34DC /* Assets.xcassets in Resources */ = {isa = PBXBuildFile; fileRef = 599724C523E25586007D34DC /* Assets.xcassets */; };
		599724C923E25586007D34DC /* Preview Assets.xcassets in Resources */ = {isa = PBXBuildFile; fileRef = 599724C823E25586007D34DC /* Preview Assets.xcassets */; };
		599724CC23E25586007D34DC /* LaunchScreen.storyboard in Resources */ = {isa = PBXBuildFile; fileRef = 599724CA23E25586007D34DC /* LaunchScreen.storyboard */; };
		599724D723E25586007D34DC /* Frydryck_Homework_1Tests.swift in Sources */ = {isa = PBXBuildFile; fileRef = 599724D623E25586007D34DC /* Frydryck_Homework_1Tests.swift */; };
		599724E223E25587007D34DC /* Frydryck_Homework_1UITests.swift in Sources */ = {isa = PBXBuildFile; fileRef = 599724E123E25587007D34DC /* Frydryck_Homework_1UITests.swift */; };
/* End PBXBuildFile section */

/* Begin PBXContainerItemProxy section */
		599724D323E25586007D34DC /* PBXContainerItemProxy */ = {
			isa = PBXContainerItemProxy;
			containerPortal = 599724B423E25584007D34DC /* Project object */;
			proxyType = 1;
			remoteGlobalIDString = 599724BB23E25584007D34DC;
			remoteInfo = "Frydryck Homework 1";
		};
		599724DE23E25587007D34DC /* PBXContainerItemProxy */ = {
			isa = PBXContainerItemProxy;
			containerPortal = 599724B423E25584007D34DC /* Project object */;
			proxyType = 1;
			remoteGlobalIDString = 599724BB23E25584007D34DC;
			remoteInfo = "Frydryck Homework 1";
		};
/* End PBXContainerItemProxy section */

/* Begin PBXFileReference section */
		599724BC23E25584007D34DC /* Frydryck Homework 1.app */ = {isa = PBXFileReference; explicitFileType = wrapper.application; includeInIndex = 0; path = "Frydryck Homework 1.app"; sourceTree = BUILT_PRODUCTS_DIR; };
		599724BF23E25584007D34DC /* AppDelegate.swift */ = {isa = PBXFileReference; lastKnownFileType = sourcecode.swift; path = AppDelegate.swift; sourceTree = "<group>"; };
		599724C123E25584007D34DC /* SceneDelegate.swift */ = {isa = PBXFileReference; lastKnownFileType = sourcecode.swift; path = SceneDelegate.swift; sourceTree = "<group>"; };
		599724C323E25584007D34DC /* ContentView.swift */ = {isa = PBXFileReference; lastKnownFileType = sourcecode.swift; path = ContentView.swift; sourceTree = "<group>"; };
		599724C523E25586007D34DC /* Assets.xcassets */ = {isa = PBXFileReference; lastKnownFileType = folder.assetcatalog; path = Assets.xcassets; sourceTree = "<group>"; };
		599724C823E25586007D34DC /* Preview Assets.xcassets */ = {isa = PBXFileReference; lastKnownFileType = folder.assetcatalog; path = "Preview Assets.xcassets"; sourceTree = "<group>"; };
		599724CB23E25586007D34DC /* Base */ = {isa = PBXFileReference; lastKnownFileType = file.storyboard; name = Base; path = Base.lproj/LaunchScreen.storyboard; sourceTree = "<group>"; };
		599724CD23E25586007D34DC /* Info.plist */ = {isa = PBXFileReference; lastKnownFileType = text.plist.xml; path = Info.plist; sourceTree = "<group>"; };
		599724D223E25586007D34DC /* Frydryck Homework 1Tests.xctest */ = {isa = PBXFileReference; explicitFileType = wrapper.cfbundle; includeInIndex = 0; path = "Frydryck Homework 1Tests.xctest"; sourceTree = BUILT_PRODUCTS_DIR; };
		599724D623E25586007D34DC /* Frydryck_Homework_1Tests.swift */ = {isa = PBXFileReference; lastKnownFileType = sourcecode.swift; path = Frydryck_Homework_1Tests.swift; sourceTree = "<group>"; };
		599724D823E25587007D34DC /* Info.plist */ = {isa = PBXFileReference; lastKnownFileType = text.plist.xml; path = Info.plist; sourceTree = "<group>"; };
		599724DD23E25587007D34DC /* Frydryck Homework 1UITests.xctest */ = {isa = PBXFileReference; explicitFileType = wrapper.cfbundle; includeInIndex = 0; path = "Frydryck Homework 1UITests.xctest"; sourceTree = BUILT_PRODUCTS_DIR; };
		599724E123E25587007D34DC /* Frydryck_Homework_1UITests.swift */ = {isa = PBXFileReference; lastKnownFileType = sourcecode.swift; path = Frydryck_Homework_1UITests.swift; sourceTree = "<group>"; };
		599724E323E25587007D34DC /* Info.plist */ = {isa = PBXFileReference; lastKnownFileType = text.plist.xml; path = Info.plist; sourceTree = "<group>"; };
/* End PBXFileReference section */

/* Begin PBXFrameworksBuildPhase section */
		599724B923E25584007D34DC /* Frameworks */ = {
			isa = PBXFrameworksBuildPhase;
			buildActionMask = 2147483647;
			files = (
			);
			runOnlyForDeploymentPostprocessing = 0;
		};
		599724CF23E25586007D34DC /* Frameworks */ = {
			isa = PBXFrameworksBuildPhase;
			buildActionMask = 2147483647;
			files = (
			);
			runOnlyForDeploymentPostprocessing = 0;
		};
		599724DA23E25587007D34DC /* Frameworks */ = {
			isa = PBXFrameworksBuildPhase;
			buildActionMask = 2147483647;
			files = (
			);
			runOnlyForDeploymentPostprocessing = 0;
		};
/* End PBXFrameworksBuildPhase section */

/* Begin PBXGroup section */
		599724B323E25584007D34DC = {
			isa = PBXGroup;
			children = (
				599724BE23E25584007D34DC /* Frydryck Homework 1 */,
				599724D523E25586007D34DC /* Frydryck Homework 1Tests */,
				599724E023E25587007D34DC /* Frydryck Homework 1UITests */,
				599724BD23E25584007D34DC /* Products */,
			);
			sourceTree = "<group>";
		};
		599724BD23E25584007D34DC /* Products */ = {
			isa = PBXGroup;
			children = (
				599724BC23E25584007D34DC /* Frydryck Homework 1.app */,
				599724D223E25586007D34DC /* Frydryck Homework 1Tests.xctest */,
				599724DD23E25587007D34DC /* Frydryck Homework 1UITests.xctest */,
			);
			name = Products;
			sourceTree = "<group>";
		};
		599724BE23E25584007D34DC /* Frydryck Homework 1 */ = {
			isa = PBXGroup;
			children = (
				599724BF23E25584007D34DC /* AppDelegate.swift */,
				599724C123E25584007D34DC /* SceneDelegate.swift */,
				599724C323E25584007D34DC /* ContentView.swift */,
				599724C523E25586007D34DC /* Assets.xcassets */,
				599724CA23E25586007D34DC /* LaunchScreen.storyboard */,
				599724CD23E25586007D34DC /* Info.plist */,
				599724C723E25586007D34DC /* Preview Content */,
			);
			path = "Frydryck Homework 1";
			sourceTree = "<group>";
		};
		599724C723E25586007D34DC /* Preview Content */ = {
			isa = PBXGroup;
			children = (
				599724C823E25586007D34DC /* Preview Assets.xcassets */,
			);
			path = "Preview Content";
			sourceTree = "<group>";
		};
		599724D523E25586007D34DC /* Frydryck Homework 1Tests */ = {
			isa = PBXGroup;
			children = (
				599724D623E25586007D34DC /* Frydryck_Homework_1Tests.swift */,
				599724D823E25587007D34DC /* Info.plist */,
			);
			path = "Frydryck Homework 1Tests";
			sourceTree = "<group>";
		};
		599724E023E25587007D34DC /* Frydryck Homework 1UITests */ = {
			isa = PBXGroup;
			children = (
				599724E123E25587007D34DC /* Frydryck_Homework_1UITests.swift */,
				599724E323E25587007D34DC /* Info.plist */,
			);
			path = "Frydryck Homework 1UITests";
			sourceTree = "<group>";
		};
/* End PBXGroup section */

/* Begin PBXNativeTarget section */
		599724BB23E25584007D34DC /* Frydryck Homework 1 */ = {
			isa = PBXNativeTarget;
			buildConfigurationList = 599724E623E25587007D34DC /* Build configuration list for PBXNativeTarget "Frydryck Homework 1" */;
			buildPhases = (
				599724B823E25584007D34DC /* Sources */,
				599724B923E25584007D34DC /* Frameworks */,
				599724BA23E25584007D34DC /* Resources */,
			);
			buildRules = (
			);
			dependencies = (
			);
			name = "Frydryck Homework 1";
			productName = "Frydryck Homework 1";
			productReference = 599724BC23E25584007D34DC /* Frydryck Homework 1.app */;
			productType = "com.apple.product-type.application";
		};
		599724D123E25586007D34DC /* Frydryck Homework 1Tests */ = {
			isa = PBXNativeTarget;
			buildConfigurationList = 599724E923E25587007D34DC /* Build configuration list for PBXNativeTarget "Frydryck Homework 1Tests" */;
			buildPhases = (
				599724CE23E25586007D34DC /* Sources */,
				599724CF23E25586007D34DC /* Frameworks */,
				599724D023E25586007D34DC /* Resources */,
			);
			buildRules = (
			);
			dependencies = (
				599724D423E25586007D34DC /* PBXTargetDependency */,
			);
			name = "Frydryck Homework 1Tests";
			productName = "Frydryck Homework 1Tests";
			productReference = 599724D223E25586007D34DC /* Frydryck Homework 1Tests.xctest */;
			productType = "com.apple.product-type.bundle.unit-test";
		};
		599724DC23E25587007D34DC /* Frydryck Homework 1UITests */ = {
			isa = PBXNativeTarget;
			buildConfigurationList = 599724EC23E25587007D34DC /* Build configuration list for PBXNativeTarget "Frydryck Homework 1UITests" */;
			buildPhases = (
				599724D923E25587007D34DC /* Sources */,
				599724DA23E25587007D34DC /* Frameworks */,
				599724DB23E25587007D34DC /* Resources */,
			);
			buildRules = (
			);
			dependencies = (
				599724DF23E25587007D34DC /* PBXTargetDependency */,
			);
			name = "Frydryck Homework 1UITests";
			productName = "Frydryck Homework 1UITests";
			productReference = 599724DD23E25587007D34DC /* Frydryck Homework 1UITests.xctest */;
			productType = "com.apple.product-type.bundle.ui-testing";
		};
/* End PBXNativeTarget section */

/* Begin PBXProject section */
		599724B423E25584007D34DC /* Project object */ = {
			isa = PBXProject;
			attributes = {
				LastSwiftUpdateCheck = 1130;
				LastUpgradeCheck = 1130;
				ORGANIZATIONNAME = "Natalie Frydryck";
				TargetAttributes = {
					599724BB23E25584007D34DC = {
						CreatedOnToolsVersion = 11.3.1;
					};
					599724D123E25586007D34DC = {
						CreatedOnToolsVersion = 11.3.1;
						TestTargetID = 599724BB23E25584007D34DC;
					};
					599724DC23E25587007D34DC = {
						CreatedOnToolsVersion = 11.3.1;
						TestTargetID = 599724BB23E25584007D34DC;
					};
				};
			};
			buildConfigurationList = 599724B723E25584007D34DC /* Build configuration list for PBXProject "Frydryck Homework 1" */;
			compatibilityVersion = "Xcode 9.3";
			developmentRegion = en;
			hasScannedForEncodings = 0;
			knownRegions = (
				en,
				Base,
			);
			mainGroup = 599724B323E25584007D34DC;
			productRefGroup = 599724BD23E25584007D34DC /* Products */;
			projectDirPath = "";
			projectRoot = "";
			targets = (
				599724BB23E25584007D34DC /* Frydryck Homework 1 */,
				599724D123E25586007D34DC /* Frydryck Homework 1Tests */,
				599724DC23E25587007D34DC /* Frydryck Homework 1UITests */,
			);
		};
/* End PBXProject section */

/* Begin PBXResourcesBuildPhase section */
		599724BA23E25584007D34DC /* Resources */ = {
			isa = PBXResourcesBuildPhase;
			buildActionMask = 2147483647;
			files = (
				599724CC23E25586007D34DC /* LaunchScreen.storyboard in Resources */,
				599724C923E25586007D34DC /* Preview Assets.xcassets in Resources */,
				599724C623E25586007D34DC /* Assets.xcassets in Resources */,
			);
			runOnlyForDeploymentPostprocessing = 0;
		};
		599724D023E25586007D34DC /* Resources */ = {
			isa = PBXResourcesBuildPhase;
			buildActionMask = 2147483647;
			files = (
			);
			runOnlyForDeploymentPostprocessing = 0;
		};
		599724DB23E25587007D34DC /* Resources */ = {
			isa = PBXResourcesBuildPhase;
			buildActionMask = 2147483647;
			files = (
			);
			runOnlyForDeploymentPostprocessing = 0;
		};
/* End PBXResourcesBuildPhase section */

/* Begin PBXSourcesBuildPhase section */
		599724B823E25584007D34DC /* Sources */ = {
			isa = PBXSourcesBuildPhase;
			buildActionMask = 2147483647;
			files = (
				599724C023E25584007D34DC /* AppDelegate.swift in Sources */,
				599724C223E25584007D34DC /* SceneDelegate.swift in Sources */,
				599724C423E25584007D34DC /* ContentView.swift in Sources */,
			);
			runOnlyForDeploymentPostprocessing = 0;
		};
		599724CE23E25586007D34DC /* Sources */ = {
			isa = PBXSourcesBuildPhase;
			buildActionMask = 2147483647;
			files = (
				599724D723E25586007D34DC /* Frydryck_Homework_1Tests.swift in Sources */,
			);
			runOnlyForDeploymentPostprocessing = 0;
		};
		599724D923E25587007D34DC /* Sources */ = {
			isa = PBXSourcesBuildPhase;
			buildActionMask = 2147483647;
			files = (
				599724E223E25587007D34DC /* Frydryck_Homework_1UITests.swift in Sources */,
			);
			runOnlyForDeploymentPostprocessing = 0;
		};
/* End PBXSourcesBuildPhase section */

/* Begin PBXTargetDependency section */
		599724D423E25586007D34DC /* PBXTargetDependency */ = {
			isa = PBXTargetDependency;
			target = 599724BB23E25584007D34DC /* Frydryck Homework 1 */;
			targetProxy = 599724D323E25586007D34DC /* PBXContainerItemProxy */;
		};
		599724DF23E25587007D34DC /* PBXTargetDependency */ = {
			isa = PBXTargetDependency;
			target = 599724BB23E25584007D34DC /* Frydryck Homework 1 */;
			targetProxy = 599724DE23E25587007D34DC /* PBXContainerItemProxy */;
		};
/* End PBXTargetDependency section */

/* Begin PBXVariantGroup section */
		599724CA23E25586007D34DC /* LaunchScreen.storyboard */ = {
			isa = PBXVariantGroup;
			children = (
				599724CB23E25586007D34DC /* Base */,
			);
			name = LaunchScreen.storyboard;
			sourceTree = "<group>";
		};
/* End PBXVariantGroup section */

/* Begin XCBuildConfiguration section */
		599724E423E25587007D34DC /* Debug */ = {
			isa = XCBuildConfiguration;
			buildSettings = {
				ALWAYS_SEARCH_USER_PATHS = NO;
				CLANG_ANALYZER_NONNULL = YES;
				CLANG_ANALYZER_NUMBER_OBJECT_CONVERSION = YES_AGGRESSIVE;
				CLANG_CXX_LANGUAGE_STANDARD = "gnu++14";
				CLANG_CXX_LIBRARY = "libc++";
				CLANG_ENABLE_MODULES = YES;
				CLANG_ENABLE_OBJC_ARC = YES;
				CLANG_ENABLE_OBJC_WEAK = YES;
				CLANG_WARN_BLOCK_CAPTURE_AUTORELEASING = YES;
				CLANG_WARN_BOOL_CONVERSION = YES;
				CLANG_WARN_COMMA = YES;
				CLANG_WARN_CONSTANT_CONVERSION = YES;
				CLANG_WARN_DEPRECATED_OBJC_IMPLEMENTATIONS = YES;
				CLANG_WARN_DIRECT_OBJC_ISA_USAGE = YES_ERROR;
				CLANG_WARN_DOCUMENTATION_COMMENTS = YES;
				CLANG_WARN_EMPTY_BODY = YES;
				CLANG_WARN_ENUM_CONVERSION = YES;
				CLANG_WARN_INFINITE_RECURSION = YES;
				CLANG_WARN_INT_CONVERSION = YES;
				CLANG_WARN_NON_LITERAL_NULL_CONVERSION = YES;
				CLANG_WARN_OBJC_IMPLICIT_RETAIN_SELF = YES;
				CLANG_WARN_OBJC_LITERAL_CONVERSION = YES;
				CLANG_WARN_OBJC_ROOT_CLASS = YES_ERROR;
				CLANG_WARN_RANGE_LOOP_ANALYSIS = YES;
				CLANG_WARN_STRICT_PROTOTYPES = YES;
				CLANG_WARN_SUSPICIOUS_MOVE = YES;
				CLANG_WARN_UNGUARDED_AVAILABILITY = YES_AGGRESSIVE;
				CLANG_WARN_UNREACHABLE_CODE = YES;
				CLANG_WARN__DUPLICATE_METHOD_MATCH = YES;
				COPY_PHASE_STRIP = NO;
				DEBUG_INFORMATION_FORMAT = dwarf;
				ENABLE_STRICT_OBJC_MSGSEND = YES;
				ENABLE_TESTABILITY = YES;
				GCC_C_LANGUAGE_STANDARD = gnu11;
				GCC_DYNAMIC_NO_PIC = NO;
				GCC_NO_COMMON_BLOCKS = YES;
				GCC_OPTIMIZATION_LEVEL = 0;
				GCC_PREPROCESSOR_DEFINITIONS = (
					"DEBUG=1",
					"$(inherited)",
				);
				GCC_WARN_64_TO_32_BIT_CONVERSION = YES;
				GCC_WARN_ABOUT_RETURN_TYPE = YES_ERROR;
				GCC_WARN_UNDECLARED_SELECTOR = YES;
				GCC_WARN_UNINITIALIZED_AUTOS = YES_AGGRESSIVE;
				GCC_WARN_UNUSED_FUNCTION = YES;
				GCC_WARN_UNUSED_VARIABLE = YES;
				IPHONEOS_DEPLOYMENT_TARGET = 13.2;
				MTL_ENABLE_DEBUG_INFO = INCLUDE_SOURCE;
				MTL_FAST_MATH = YES;
				ONLY_ACTIVE_ARCH = YES;
				SDKROOT = iphoneos;
				SWIFT_ACTIVE_COMPILATION_CONDITIONS = DEBUG;
				SWIFT_OPTIMIZATION_LEVEL = "-Onone";
			};
			name = Debug;
		};
		599724E523E25587007D34DC /* Release */ = {
			isa = XCBuildConfiguration;
			buildSettings = {
				ALWAYS_SEARCH_USER_PATHS = NO;
				CLANG_ANALYZER_NONNULL = YES;
				CLANG_ANALYZER_NUMBER_OBJECT_CONVERSION = YES_AGGRESSIVE;
				CLANG_CXX_LANGUAGE_STANDARD = "gnu++14";
				CLANG_CXX_LIBRARY = "libc++";
				CLANG_ENABLE_MODULES = YES;
				CLANG_ENABLE_OBJC_ARC = YES;
				CLANG_ENABLE_OBJC_WEAK = YES;
				CLANG_WARN_BLOCK_CAPTURE_AUTORELEASING = YES;
				CLANG_WARN_BOOL_CONVERSION = YES;
				CLANG_WARN_COMMA = YES;
				CLANG_WARN_CONSTANT_CONVERSION = YES;
				CLANG_WARN_DEPRECATED_OBJC_IMPLEMENTATIONS = YES;
				CLANG_WARN_DIRECT_OBJC_ISA_USAGE = YES_ERROR;
				CLANG_WARN_DOCUMENTATION_COMMENTS = YES;
				CLANG_WARN_EMPTY_BODY = YES;
				CLANG_WARN_ENUM_CONVERSION = YES;
				CLANG_WARN_INFINITE_RECURSION = YES;
				CLANG_WARN_INT_CONVERSION = YES;
				CLANG_WARN_NON_LITERAL_NULL_CONVERSION = YES;
				CLANG_WARN_OBJC_IMPLICIT_RETAIN_SELF = YES;
				CLANG_WARN_OBJC_LITERAL_CONVERSION = YES;
				CLANG_WARN_OBJC_ROOT_CLASS = YES_ERROR;
				CLANG_WARN_RANGE_LOOP_ANALYSIS = YES;
				CLANG_WARN_STRICT_PROTOTYPES = YES;
				CLANG_WARN_SUSPICIOUS_MOVE = YES;
				CLANG_WARN_UNGUARDED_AVAILABILITY = YES_AGGRESSIVE;
				CLANG_WARN_UNREACHABLE_CODE = YES;
				CLANG_WARN__DUPLICATE_METHOD_MATCH = YES;
				COPY_PHASE_STRIP = NO;
				DEBUG_INFORMATION_FORMAT = "dwarf-with-dsym";
				ENABLE_NS_ASSERTIONS = NO;
				ENABLE_STRICT_OBJC_MSGSEND = YES;
				GCC_C_LANGUAGE_STANDARD = gnu11;
				GCC_NO_COMMON_BLOCKS = YES;
				GCC_WARN_64_TO_32_BIT_CONVERSION = YES;
				GCC_WARN_ABOUT_RETURN_TYPE = YES_ERROR;
				GCC_WARN_UNDECLARED_SELECTOR = YES;
				GCC_WARN_UNINITIALIZED_AUTOS = YES_AGGRESSIVE;
				GCC_WARN_UNUSED_FUNCTION = YES;
				GCC_WARN_UNUSED_VARIABLE = YES;
				IPHONEOS_DEPLOYMENT_TARGET = 13.2;
				MTL_ENABLE_DEBUG_INFO = NO;
				MTL_FAST_MATH = YES;
				SDKROOT = iphoneos;
				SWIFT_COMPILATION_MODE = wholemodule;
				SWIFT_OPTIMIZATION_LEVEL = "-O";
				VALIDATE_PRODUCT = YES;
			};
			name = Release;
		};
		599724E723E25587007D34DC /* Debug */ = {
			isa = XCBuildConfiguration;
			buildSettings = {
				ASSETCATALOG_COMPILER_APPICON_NAME = AppIcon;
				CODE_SIGN_STYLE = Automatic;
				DEVELOPMENT_ASSET_PATHS = "\"Frydryck Homework 1/Preview Content\"";
				DEVELOPMENT_TEAM = UN752K5L2X;
				ENABLE_PREVIEWS = YES;
				INFOPLIST_FILE = "Frydryck Homework 1/Info.plist";
				LD_RUNPATH_SEARCH_PATHS = (
					"$(inherited)",
					"@executable_path/Frameworks",
				);
				PRODUCT_BUNDLE_IDENTIFIER = "setonhill.edu.Frydryck-Homework-1";
				PRODUCT_NAME = "$(TARGET_NAME)";
				SWIFT_VERSION = 5.0;
				TARGETED_DEVICE_FAMILY = "1,2";
			};
			name = Debug;
		};
		599724E823E25587007D34DC /* Release */ = {
			isa = XCBuildConfiguration;
			buildSettings = {
				ASSETCATALOG_COMPILER_APPICON_NAME = AppIcon;
				CODE_SIGN_STYLE = Automatic;
				DEVELOPMENT_ASSET_PATHS = "\"Frydryck Homework 1/Preview Content\"";
				DEVELOPMENT_TEAM = UN752K5L2X;
				ENABLE_PREVIEWS = YES;
				INFOPLIST_FILE = "Frydryck Homework 1/Info.plist";
				LD_RUNPATH_SEARCH_PATHS = (
					"$(inherited)",
					"@executable_path/Frameworks",
				);
				PRODUCT_BUNDLE_IDENTIFIER = "setonhill.edu.Frydryck-Homework-1";
				PRODUCT_NAME = "$(TARGET_NAME)";
				SWIFT_VERSION = 5.0;
				TARGETED_DEVICE_FAMILY = "1,2";
			};
			name = Release;
		};
		599724EA23E25587007D34DC /* Debug */ = {
			isa = XCBuildConfiguration;
			buildSettings = {
				ALWAYS_EMBED_SWIFT_STANDARD_LIBRARIES = YES;
				BUNDLE_LOADER = "$(TEST_HOST)";
				CODE_SIGN_STYLE = Automatic;
				DEVELOPMENT_TEAM = UN752K5L2X;
				INFOPLIST_FILE = "Frydryck Homework 1Tests/Info.plist";
				IPHONEOS_DEPLOYMENT_TARGET = 13.2;
				LD_RUNPATH_SEARCH_PATHS = (
					"$(inherited)",
					"@executable_path/Frameworks",
					"@loader_path/Frameworks",
				);
				PRODUCT_BUNDLE_IDENTIFIER = "setonhill.edu.Frydryck-Homework-1Tests";
				PRODUCT_NAME = "$(TARGET_NAME)";
				SWIFT_VERSION = 5.0;
				TARGETED_DEVICE_FAMILY = "1,2";
				TEST_HOST = "$(BUILT_PRODUCTS_DIR)/Frydryck Homework 1.app/Frydryck Homework 1";
			};
			name = Debug;
		};
		599724EB23E25587007D34DC /* Release */ = {
			isa = XCBuildConfiguration;
			buildSettings = {
				ALWAYS_EMBED_SWIFT_STANDARD_LIBRARIES = YES;
				BUNDLE_LOADER = "$(TEST_HOST)";
				CODE_SIGN_STYLE = Automatic;
				DEVELOPMENT_TEAM = UN752K5L2X;
				INFOPLIST_FILE = "Frydryck Homework 1Tests/Info.plist";
				IPHONEOS_DEPLOYMENT_TARGET = 13.2;
				LD_RUNPATH_SEARCH_PATHS = (
					"$(inherited)",
					"@executable_path/Frameworks",
					"@loader_path/Frameworks",
				);
				PRODUCT_BUNDLE_IDENTIFIER = "setonhill.edu.Frydryck-Homework-1Tests";
				PRODUCT_NAME = "$(TARGET_NAME)";
				SWIFT_VERSION = 5.0;
				TARGETED_DEVICE_FAMILY = "1,2";
				TEST_HOST = "$(BUILT_PRODUCTS_DIR)/Frydryck Homework 1.app/Frydryck Homework 1";
			};
			name = Release;
		};
		599724ED23E25587007D34DC /* Debug */ = {
			isa = XCBuildConfiguration;
			buildSettings = {
				ALWAYS_EMBED_SWIFT_STANDARD_LIBRARIES = YES;
				CODE_SIGN_STYLE = Automatic;
				DEVELOPMENT_TEAM = UN752K5L2X;
				INFOPLIST_FILE = "Frydryck Homework 1UITests/Info.plist";
				LD_RUNPATH_SEARCH_PATHS = (
					"$(inherited)",
					"@executable_path/Frameworks",
					"@loader_path/Frameworks",
				);
				PRODUCT_BUNDLE_IDENTIFIER = "setonhill.edu.Frydryck-Homework-1UITests";
				PRODUCT_NAME = "$(TARGET_NAME)";
				SWIFT_VERSION = 5.0;
				TARGETED_DEVICE_FAMILY = "1,2";
				TEST_TARGET_NAME = "Frydryck Homework 1";
			};
			name = Debug;
		};
		599724EE23E25587007D34DC /* Release */ = {
			isa = XCBuildConfiguration;
			buildSettings = {
				ALWAYS_EMBED_SWIFT_STANDARD_LIBRARIES = YES;
				CODE_SIGN_STYLE = Automatic;
				DEVELOPMENT_TEAM = UN752K5L2X;
				INFOPLIST_FILE = "Frydryck Homework 1UITests/Info.plist";
				LD_RUNPATH_SEARCH_PATHS = (
					"$(inherited)",
					"@executable_path/Frameworks",
					"@loader_path/Frameworks",
				);
				PRODUCT_BUNDLE_IDENTIFIER = "setonhill.edu.Frydryck-Homework-1UITests";
				PRODUCT_NAME = "$(TARGET_NAME)";
				SWIFT_VERSION = 5.0;
				TARGETED_DEVICE_FAMILY = "1,2";
				TEST_TARGET_NAME = "Frydryck Homework 1";
			};
			name = Release;
		};
/* End XCBuildConfiguration section */

/* Begin XCConfigurationList section */
		599724B723E25584007D34DC /* Build configuration list for PBXProject "Frydryck Homework 1" */ = {
			isa = XCConfigurationList;
			buildConfigurations = (
				599724E423E25587007D34DC /* Debug */,
				599724E523E25587007D34DC /* Release */,
			);
			defaultConfigurationIsVisible = 0;
			defaultConfigurationName = Release;
		};
		599724E623E25587007D34DC /* Build configuration list for PBXNativeTarget "Frydryck Homework 1" */ = {
			isa = XCConfigurationList;
			buildConfigurations = (
				599724E723E25587007D34DC /* Debug */,
				599724E823E25587007D34DC /* Release */,
			);
			defaultConfigurationIsVisible = 0;
			defaultConfigurationName = Release;
		};
		599724E923E25587007D34DC /* Build configuration list for PBXNativeTarget "Frydryck Homework 1Tests" */ = {
			isa = XCConfigurationList;
			buildConfigurations = (
				599724EA23E25587007D34DC /* Debug */,
				599724EB23E25587007D34DC /* Release */,
			);
			defaultConfigurationIsVisible = 0;
			defaultConfigurationName = Release;
		};
		599724EC23E25587007D34DC /* Build configuration list for PBXNativeTarget "Frydryck Homework 1UITests" */ = {
			isa = XCConfigurationList;
			buildConfigurations = (
				599724ED23E25587007D34DC /* Debug */,
				599724EE23E25587007D34DC /* Release */,
			);
			defaultConfigurationIsVisible = 0;
			defaultConfigurationName = Release;
		};
/* End XCConfigurationList section */
	};
	rootObject = 599724B423E25584007D34DC /* Project object */;
}
